
Microsoft Visual Studio Solution File, Format Version 12.00
# Visual Studio Version 16
VisualStudioVersion = 16.0.33130.400
MinimumVisualStudioVersion = 10.0.40219.1
Project("{FAE04EC0-301F-11D3-BF4B-00C04F79EFBC}") = "gostev", "gostev\gostev.csproj", "{D8FB09E3-1640-457F-9C50-DC7215E31659}"
EndProject
Global
	GlobalSection(SolutionConfigurationPlatforms) = preSolution
		Debug|Any CPU = Debug|Any CPU
		Release|Any CPU = Release|Any CPU
	EndGlobalSection
	GlobalSection(ProjectConfigurationPlatforms) = postSolution
		{D8FB09E3-1640-457F-9C50-DC7215E31659}.Debug|Any CPU.ActiveCfg = Debug|Any CPU
		{D8FB09E3-1640-457F-9C50-DC7215E31659}.Debug|Any CPU.Build.0 = Debug|Any CPU
		{D8FB09E3-1640-457F-9C50-DC7215E31659}.Release|Any CPU.ActiveCfg = Release|Any CPU
		{D8FB09E3-1640-457F-9C50-DC7215E31659}.Release|Any CPU.Build.0 = Release|Any CPU
	EndGlobalSection
	GlobalSection(SolutionProperties) = preSolution
		HideSolutionNode = FALSE
	EndGlobalSection
	GlobalSection(ExtensibilityGlobals) = postSolution
		SolutionGuid = {FF173A31-BAD0-47B6-A83D-65A0F9C0D041}
	EndGlobalSection
EndGlobal
